
Microsoft Visual Studio Solution File, Format Version 12.00
# Visual Studio Version 17
VisualStudioVersion = 17.9.34723.18
MinimumVisualStudioVersion = 10.0.40219.1
Project("{2150E333-8FDC-42A3-9474-1A3956D46DE8}") = "src", "src", "{54CF269F-1428-44C2-936C-7BE2D0942973}"
EndProject
Project("{9A19103F-16F7-4668-BE54-9A1E7A4F7556}") = "Customers.Api", "src\Customers.Api\Customers.Api.csproj", "{6E1283C2-1BBE-4A32-A292-C461F1A35910}"
EndProject
Project("{2150E333-8FDC-42A3-9474-1A3956D46DE8}") = "tests", "tests", "{70C47660-E1E8-4062-85CF-9AC5F8C1F572}"
EndProject
Project("{9A19103F-16F7-4668-BE54-9A1E7A4F7556}") = "Customers.Api.Tests.Integration", "tests\Customers.Api.Tests.Integration\Customers.Api.Tests.Integration.csproj", "{AC3BCBEF-7638-4BAE-9906-8DAFDA1EDE9E}"
EndProject
Project("{9A19103F-16F7-4668-BE54-9A1E7A4F7556}") = "Customers.WebApp", "src\Customers.WebApp\Customers.WebApp.csproj", "{74D03BD3-8FB9-4253-908C-28718CD1D4FB}"
EndProject
Project("{9A19103F-16F7-4668-BE54-9A1E7A4F7556}") = "Customers.WebApp.Tests.Integration", "tests\Customers.WebApp.Tests.Integration\Customers.WebApp.Tests.Integration.csproj", "{5E4530F0-087D-480C-ACDE-29447CAF0A02}"
EndProject
Global
	GlobalSection(SolutionConfigurationPlatforms) = preSolution
		Debug|Any CPU = Debug|Any CPU
		Release|Any CPU = Release|Any CPU
	EndGlobalSection
	GlobalSection(ProjectConfigurationPlatforms) = postSolution
		{6E1283C2-1BBE-4A32-A292-C461F1A35910}.Debug|Any CPU.ActiveCfg = Debug|Any CPU
		{6E1283C2-1BBE-4A32-A292-C461F1A35910}.Debug|Any CPU.Build.0 = Debug|Any CPU
		{6E1283C2-1BBE-4A32-A292-C461F1A35910}.Release|Any CPU.ActiveCfg = Release|Any CPU
		{6E1283C2-1BBE-4A32-A292-C461F1A35910}.Release|Any CPU.Build.0 = Release|Any CPU
		{AC3BCBEF-7638-4BAE-9906-8DAFDA1EDE9E}.Debug|Any CPU.ActiveCfg = Debug|Any CPU
		{AC3BCBEF-7638-4BAE-9906-8DAFDA1EDE9E}.Debug|Any CPU.Build.0 = Debug|Any CPU
		{AC3BCBEF-7638-4BAE-9906-8DAFDA1EDE9E}.Release|Any CPU.ActiveCfg = Release|Any CPU
		{AC3BCBEF-7638-4BAE-9906-8DAFDA1EDE9E}.Release|Any CPU.Build.0 = Release|Any CPU
		{74D03BD3-8FB9-4253-908C-28718CD1D4FB}.Debug|Any CPU.ActiveCfg = Debug|Any CPU
		{74D03BD3-8FB9-4253-908C-28718CD1D4FB}.Debug|Any CPU.Build.0 = Debug|Any CPU
		{74D03BD3-8FB9-4253-908C-28718CD1D4FB}.Release|Any CPU.ActiveCfg = Release|Any CPU
		{74D03BD3-8FB9-4253-908C-28718CD1D4FB}.Release|Any CPU.Build.0 = Release|Any CPU
		{5E4530F0-087D-480C-ACDE-29447CAF0A02}.Debug|Any CPU.ActiveCfg = Debug|Any CPU
		{5E4530F0-087D-480C-ACDE-29447CAF0A02}.Debug|Any CPU.Build.0 = Debug|Any CPU
		{5E4530F0-087D-480C-ACDE-29447CAF0A02}.Release|Any CPU.ActiveCfg = Release|Any CPU
		{5E4530F0-087D-480C-ACDE-29447CAF0A02}.Release|Any CPU.Build.0 = Release|Any CPU
	EndGlobalSection
	GlobalSection(SolutionProperties) = preSolution
		HideSolutionNode = FALSE
	EndGlobalSection
	GlobalSection(NestedProjects) = preSolution
		{6E1283C2-1BBE-4A32-A292-C461F1A35910} = {54CF269F-1428-44C2-936C-7BE2D0942973}
		{AC3BCBEF-7638-4BAE-9906-8DAFDA1EDE9E} = {70C47660-E1E8-4062-85CF-9AC5F8C1F572}
		{74D03BD3-8FB9-4253-908C-28718CD1D4FB} = {54CF269F-1428-44C2-936C-7BE2D0942973}
		{5E4530F0-087D-480C-ACDE-29447CAF0A02} = {70C47660-E1E8-4062-85CF-9AC5F8C1F572}
	EndGlobalSection
	GlobalSection(ExtensibilityGlobals) = postSolution
		SolutionGuid = {C7510863-2393-4CA6-9FB5-1002C8A8CA58}
	EndGlobalSection
EndGlobal
